// !$*UTF8*$!
{
	archiveVersion = 1;
	classes = {
	};
	objectVersion = 46;
	objects = {

/* Begin PBXBuildFile section */
		4D991F161D8DC68E00ED149A /* AppDelegate.swift in Sources */ = {isa = PBXBuildFile; fileRef = 4D991F151D8DC68E00ED149A /* AppDelegate.swift */; };
		4D991F181D8DC68E00ED149A /* ViewController.swift in Sources */ = {isa = PBXBuildFile; fileRef = 4D991F171D8DC68E00ED149A /* ViewController.swift */; };
		4D991F1B1D8DC68E00ED149A /* Main.storyboard in Resources */ = {isa = PBXBuildFile; fileRef = 4D991F191D8DC68E00ED149A /* Main.storyboard */; };
		4D991F1D1D8DC68E00ED149A /* Assets.xcassets in Resources */ = {isa = PBXBuildFile; fileRef = 4D991F1C1D8DC68E00ED149A /* Assets.xcassets */; };
		4D991F201D8DC68E00ED149A /* LaunchScreen.storyboard in Resources */ = {isa = PBXBuildFile; fileRef = 4D991F1E1D8DC68E00ED149A /* LaunchScreen.storyboard */; };
		4D991F2B1D8DC68E00ED149A /* LightHouseTests.swift in Sources */ = {isa = PBXBuildFile; fileRef = 4D991F2A1D8DC68E00ED149A /* LightHouseTests.swift */; };
		4D991F361D8DC68E00ED149A /* LightHouseUITests.swift in Sources */ = {isa = PBXBuildFile; fileRef = 4D991F351D8DC68E00ED149A /* LightHouseUITests.swift */; };
		4DD232A91D8DCB3000DBB44D /* HueBridgeService.swift in Sources */ = {isa = PBXBuildFile; fileRef = 4DD232A81D8DCB3000DBB44D /* HueBridgeService.swift */; };
		4DD232AB1D8DD59000DBB44D /* EventBus.swift in Sources */ = {isa = PBXBuildFile; fileRef = 4DD232AA1D8DD59000DBB44D /* EventBus.swift */; };
		4DD232AD1D8DDD1300DBB44D /* HueBridgeServiceTests.swift in Sources */ = {isa = PBXBuildFile; fileRef = 4DD232AC1D8DDD1300DBB44D /* HueBridgeServiceTests.swift */; };
		4DD232B11D8DF90600DBB44D /* Light.swift in Sources */ = {isa = PBXBuildFile; fileRef = 4DD232B01D8DF90600DBB44D /* Light.swift */; };
		4DD232B31D8E06EC00DBB44D /* State.swift in Sources */ = {isa = PBXBuildFile; fileRef = 4DD232B21D8E06EC00DBB44D /* State.swift */; };
		4DD232B51D8E38C300DBB44D /* README.md in Sources */ = {isa = PBXBuildFile; fileRef = 4DD232B41D8E38C300DBB44D /* README.md */; };
		4DD232B71D8E41A600DBB44D /* SystemState.swift in Sources */ = {isa = PBXBuildFile; fileRef = 4DD232B61D8E41A600DBB44D /* SystemState.swift */; };
		4DD232B91D8E457400DBB44D /* EventBusTests.swift in Sources */ = {isa = PBXBuildFile; fileRef = 4DD232B81D8E457400DBB44D /* EventBusTests.swift */; };
		4DD232BF1D8F19DA00DBB44D /* LightSwitch.swift in Sources */ = {isa = PBXBuildFile; fileRef = 4DD232BE1D8F19DA00DBB44D /* LightSwitch.swift */; };
		4DD232C51D8F590900DBB44D /* bg.jpg in Resources */ = {isa = PBXBuildFile; fileRef = 4DD232C41D8F590900DBB44D /* bg.jpg */; };
		4DD232C91D8F609000DBB44D /* LightSwitchesScrollView.swift in Sources */ = {isa = PBXBuildFile; fileRef = 4DD232C81D8F609000DBB44D /* LightSwitchesScrollView.swift */; };
		4DD232CB1D8F7BD000DBB44D /* Style.swift in Sources */ = {isa = PBXBuildFile; fileRef = 4DD232CA1D8F7BD000DBB44D /* Style.swift */; };
		4DD232CD1D90766B00DBB44D /* TestView.swift in Sources */ = {isa = PBXBuildFile; fileRef = 4DD232CC1D90766B00DBB44D /* TestView.swift */; };
		4DD232CF1D919A1C00DBB44D /* HSBColorPicker.swift in Sources */ = {isa = PBXBuildFile; fileRef = 4DD232CE1D919A1C00DBB44D /* HSBColorPicker.swift */; };
		A125E2255B36B8B667FC5517 /* Pods_LightHouseTests.framework in Frameworks */ = {isa = PBXBuildFile; fileRef = 6B9FCAB3C07301835B180F9D /* Pods_LightHouseTests.framework */; };
		D851C9E5324BF3380ED4A1F6 /* Pods_LightHouse.framework in Frameworks */ = {isa = PBXBuildFile; fileRef = 24419AE8E0A73BB528002769 /* Pods_LightHouse.framework */; };
		F07C8B08409B964E262D503B /* Pods_LightHouseUITests.framework in Frameworks */ = {isa = PBXBuildFile; fileRef = 6F95C597E5A5EEF299BFA9CB /* Pods_LightHouseUITests.framework */; };
/* End PBXBuildFile section */

/* Begin PBXContainerItemProxy section */
		4D991F271D8DC68E00ED149A /* PBXContainerItemProxy */ = {
			isa = PBXContainerItemProxy;
			containerPortal = 4D991F0A1D8DC68E00ED149A /* Project object */;
			proxyType = 1;
			remoteGlobalIDString = 4D991F111D8DC68E00ED149A;
			remoteInfo = LightHouse;
		};
		4D991F321D8DC68E00ED149A /* PBXContainerItemProxy */ = {
			isa = PBXContainerItemProxy;
			containerPortal = 4D991F0A1D8DC68E00ED149A /* Project object */;
			proxyType = 1;
			remoteGlobalIDString = 4D991F111D8DC68E00ED149A;
			remoteInfo = LightHouse;
		};
/* End PBXContainerItemProxy section */

/* Begin PBXFileReference section */
		24419AE8E0A73BB528002769 /* Pods_LightHouse.framework */ = {isa = PBXFileReference; explicitFileType = wrapper.framework; includeInIndex = 0; path = Pods_LightHouse.framework; sourceTree = BUILT_PRODUCTS_DIR; };
		3B7F403277371E62719520C0 /* Pods-LightHouseTests.release.xcconfig */ = {isa = PBXFileReference; includeInIndex = 1; lastKnownFileType = text.xcconfig; name = "Pods-LightHouseTests.release.xcconfig"; path = "Pods/Target Support Files/Pods-LightHouseTests/Pods-LightHouseTests.release.xcconfig"; sourceTree = "<group>"; };
		3FFC6027380F1D6E3B7BC959 /* Pods-LightHouseUITests.debug.xcconfig */ = {isa = PBXFileReference; includeInIndex = 1; lastKnownFileType = text.xcconfig; name = "Pods-LightHouseUITests.debug.xcconfig"; path = "Pods/Target Support Files/Pods-LightHouseUITests/Pods-LightHouseUITests.debug.xcconfig"; sourceTree = "<group>"; };
		4D991F121D8DC68E00ED149A /* LightHouse.app */ = {isa = PBXFileReference; explicitFileType = wrapper.application; includeInIndex = 0; path = LightHouse.app; sourceTree = BUILT_PRODUCTS_DIR; };
		4D991F151D8DC68E00ED149A /* AppDelegate.swift */ = {isa = PBXFileReference; lastKnownFileType = sourcecode.swift; path = AppDelegate.swift; sourceTree = "<group>"; };
		4D991F171D8DC68E00ED149A /* ViewController.swift */ = {isa = PBXFileReference; lastKnownFileType = sourcecode.swift; path = ViewController.swift; sourceTree = "<group>"; };
		4D991F1A1D8DC68E00ED149A /* Base */ = {isa = PBXFileReference; lastKnownFileType = file.storyboard; name = Base; path = Base.lproj/Main.storyboard; sourceTree = "<group>"; };
		4D991F1C1D8DC68E00ED149A /* Assets.xcassets */ = {isa = PBXFileReference; lastKnownFileType = folder.assetcatalog; path = Assets.xcassets; sourceTree = "<group>"; };
		4D991F1F1D8DC68E00ED149A /* Base */ = {isa = PBXFileReference; lastKnownFileType = file.storyboard; name = Base; path = Base.lproj/LaunchScreen.storyboard; sourceTree = "<group>"; };
		4D991F211D8DC68E00ED149A /* Info.plist */ = {isa = PBXFileReference; lastKnownFileType = text.plist.xml; path = Info.plist; sourceTree = "<group>"; };
		4D991F261D8DC68E00ED149A /* LightHouseTests.xctest */ = {isa = PBXFileReference; explicitFileType = wrapper.cfbundle; includeInIndex = 0; path = LightHouseTests.xctest; sourceTree = BUILT_PRODUCTS_DIR; };
		4D991F2A1D8DC68E00ED149A /* LightHouseTests.swift */ = {isa = PBXFileReference; lastKnownFileType = sourcecode.swift; path = LightHouseTests.swift; sourceTree = "<group>"; };
		4D991F2C1D8DC68E00ED149A /* Info.plist */ = {isa = PBXFileReference; lastKnownFileType = text.plist.xml; path = Info.plist; sourceTree = "<group>"; };
		4D991F311D8DC68E00ED149A /* LightHouseUITests.xctest */ = {isa = PBXFileReference; explicitFileType = wrapper.cfbundle; includeInIndex = 0; path = LightHouseUITests.xctest; sourceTree = BUILT_PRODUCTS_DIR; };
		4D991F351D8DC68E00ED149A /* LightHouseUITests.swift */ = {isa = PBXFileReference; lastKnownFileType = sourcecode.swift; path = LightHouseUITests.swift; sourceTree = "<group>"; };
		4D991F371D8DC68E00ED149A /* Info.plist */ = {isa = PBXFileReference; lastKnownFileType = text.plist.xml; path = Info.plist; sourceTree = "<group>"; };
		4DD232A81D8DCB3000DBB44D /* HueBridgeService.swift */ = {isa = PBXFileReference; fileEncoding = 4; lastKnownFileType = sourcecode.swift; path = HueBridgeService.swift; sourceTree = "<group>"; };
		4DD232AA1D8DD59000DBB44D /* EventBus.swift */ = {isa = PBXFileReference; fileEncoding = 4; lastKnownFileType = sourcecode.swift; path = EventBus.swift; sourceTree = "<group>"; };
		4DD232AC1D8DDD1300DBB44D /* HueBridgeServiceTests.swift */ = {isa = PBXFileReference; fileEncoding = 4; lastKnownFileType = sourcecode.swift; path = HueBridgeServiceTests.swift; sourceTree = "<group>"; };
		4DD232B01D8DF90600DBB44D /* Light.swift */ = {isa = PBXFileReference; fileEncoding = 4; lastKnownFileType = sourcecode.swift; path = Light.swift; sourceTree = "<group>"; };
		4DD232B21D8E06EC00DBB44D /* State.swift */ = {isa = PBXFileReference; fileEncoding = 4; lastKnownFileType = sourcecode.swift; path = State.swift; sourceTree = "<group>"; };
		4DD232B41D8E38C300DBB44D /* README.md */ = {isa = PBXFileReference; fileEncoding = 4; lastKnownFileType = net.daringfireball.markdown; path = README.md; sourceTree = "<group>"; };
		4DD232B61D8E41A600DBB44D /* SystemState.swift */ = {isa = PBXFileReference; fileEncoding = 4; lastKnownFileType = sourcecode.swift; path = SystemState.swift; sourceTree = "<group>"; };
		4DD232B81D8E457400DBB44D /* EventBusTests.swift */ = {isa = PBXFileReference; fileEncoding = 4; lastKnownFileType = sourcecode.swift; path = EventBusTests.swift; sourceTree = "<group>"; };
		4DD232BE1D8F19DA00DBB44D /* LightSwitch.swift */ = {isa = PBXFileReference; fileEncoding = 4; lastKnownFileType = sourcecode.swift; path = LightSwitch.swift; sourceTree = "<group>"; };
		4DD232C41D8F590900DBB44D /* bg.jpg */ = {isa = PBXFileReference; lastKnownFileType = image.jpeg; path = bg.jpg; sourceTree = "<group>"; };
		4DD232C81D8F609000DBB44D /* LightSwitchesScrollView.swift */ = {isa = PBXFileReference; fileEncoding = 4; lastKnownFileType = sourcecode.swift; path = LightSwitchesScrollView.swift; sourceTree = "<group>"; };
		4DD232CA1D8F7BD000DBB44D /* Style.swift */ = {isa = PBXFileReference; fileEncoding = 4; lastKnownFileType = sourcecode.swift; path = Style.swift; sourceTree = "<group>"; };
		4DD232CC1D90766B00DBB44D /* TestView.swift */ = {isa = PBXFileReference; fileEncoding = 4; lastKnownFileType = sourcecode.swift; path = TestView.swift; sourceTree = "<group>"; };
		4DD232CE1D919A1C00DBB44D /* HSBColorPicker.swift */ = {isa = PBXFileReference; fileEncoding = 4; lastKnownFileType = sourcecode.swift; path = HSBColorPicker.swift; sourceTree = "<group>"; };
		6B9FCAB3C07301835B180F9D /* Pods_LightHouseTests.framework */ = {isa = PBXFileReference; explicitFileType = wrapper.framework; includeInIndex = 0; path = Pods_LightHouseTests.framework; sourceTree = BUILT_PRODUCTS_DIR; };
		6F95C597E5A5EEF299BFA9CB /* Pods_LightHouseUITests.framework */ = {isa = PBXFileReference; explicitFileType = wrapper.framework; includeInIndex = 0; path = Pods_LightHouseUITests.framework; sourceTree = BUILT_PRODUCTS_DIR; };
		8744DABBA3C6640D0C7184C4 /* Pods-LightHouseTests.debug.xcconfig */ = {isa = PBXFileReference; includeInIndex = 1; lastKnownFileType = text.xcconfig; name = "Pods-LightHouseTests.debug.xcconfig"; path = "Pods/Target Support Files/Pods-LightHouseTests/Pods-LightHouseTests.debug.xcconfig"; sourceTree = "<group>"; };
		C9F04A997B7086F1113C31C0 /* Pods-LightHouseUITests.release.xcconfig */ = {isa = PBXFileReference; includeInIndex = 1; lastKnownFileType = text.xcconfig; name = "Pods-LightHouseUITests.release.xcconfig"; path = "Pods/Target Support Files/Pods-LightHouseUITests/Pods-LightHouseUITests.release.xcconfig"; sourceTree = "<group>"; };
		CC619EB035B19D36D84D1E5A /* Pods-LightHouse.debug.xcconfig */ = {isa = PBXFileReference; includeInIndex = 1; lastKnownFileType = text.xcconfig; name = "Pods-LightHouse.debug.xcconfig"; path = "Pods/Target Support Files/Pods-LightHouse/Pods-LightHouse.debug.xcconfig"; sourceTree = "<group>"; };
		EB501A860273F6D16C6BF08D /* Pods-LightHouse.release.xcconfig */ = {isa = PBXFileReference; includeInIndex = 1; lastKnownFileType = text.xcconfig; name = "Pods-LightHouse.release.xcconfig"; path = "Pods/Target Support Files/Pods-LightHouse/Pods-LightHouse.release.xcconfig"; sourceTree = "<group>"; };
/* End PBXFileReference section */

/* Begin PBXFrameworksBuildPhase section */
		4D991F0F1D8DC68E00ED149A /* Frameworks */ = {
			isa = PBXFrameworksBuildPhase;
			buildActionMask = 2147483647;
			files = (
				D851C9E5324BF3380ED4A1F6 /* Pods_LightHouse.framework in Frameworks */,
			);
			runOnlyForDeploymentPostprocessing = 0;
		};
		4D991F231D8DC68E00ED149A /* Frameworks */ = {
			isa = PBXFrameworksBuildPhase;
			buildActionMask = 2147483647;
			files = (
				A125E2255B36B8B667FC5517 /* Pods_LightHouseTests.framework in Frameworks */,
			);
			runOnlyForDeploymentPostprocessing = 0;
		};
		4D991F2E1D8DC68E00ED149A /* Frameworks */ = {
			isa = PBXFrameworksBuildPhase;
			buildActionMask = 2147483647;
			files = (
				F07C8B08409B964E262D503B /* Pods_LightHouseUITests.framework in Frameworks */,
			);
			runOnlyForDeploymentPostprocessing = 0;
		};
/* End PBXFrameworksBuildPhase section */

/* Begin PBXGroup section */
		4714C20A9520874B30AF32ED /* Frameworks */ = {
			isa = PBXGroup;
			children = (
				24419AE8E0A73BB528002769 /* Pods_LightHouse.framework */,
				6B9FCAB3C07301835B180F9D /* Pods_LightHouseTests.framework */,
				6F95C597E5A5EEF299BFA9CB /* Pods_LightHouseUITests.framework */,
			);
			name = Frameworks;
			sourceTree = "<group>";
		};
		4D991F091D8DC68E00ED149A = {
			isa = PBXGroup;
			children = (
				4DD232C01D8F573100DBB44D /* assets */,
				4DD232B41D8E38C300DBB44D /* README.md */,
				4D991F141D8DC68E00ED149A /* LightHouse */,
				4D991F291D8DC68E00ED149A /* LightHouseTests */,
				4D991F341D8DC68E00ED149A /* LightHouseUITests */,
				4D991F131D8DC68E00ED149A /* Products */,
				899EB65637832B11242B786E /* Pods */,
				4714C20A9520874B30AF32ED /* Frameworks */,
			);
			sourceTree = "<group>";
		};
		4D991F131D8DC68E00ED149A /* Products */ = {
			isa = PBXGroup;
			children = (
				4D991F121D8DC68E00ED149A /* LightHouse.app */,
				4D991F261D8DC68E00ED149A /* LightHouseTests.xctest */,
				4D991F311D8DC68E00ED149A /* LightHouseUITests.xctest */,
			);
			name = Products;
			sourceTree = "<group>";
		};
		4D991F141D8DC68E00ED149A /* LightHouse */ = {
			isa = PBXGroup;
			children = (
				4DD232BA1D8F14F900DBB44D /* ui */,
				4DD232AE1D8DF8E700DBB44D /* models */,
				4DD232A71D8DCB0600DBB44D /* services */,
				4D991F151D8DC68E00ED149A /* AppDelegate.swift */,
				4D991F171D8DC68E00ED149A /* ViewController.swift */,
				4D991F191D8DC68E00ED149A /* Main.storyboard */,
				4D991F1C1D8DC68E00ED149A /* Assets.xcassets */,
				4D991F1E1D8DC68E00ED149A /* LaunchScreen.storyboard */,
				4D991F211D8DC68E00ED149A /* Info.plist */,
			);
			path = LightHouse;
			sourceTree = "<group>";
		};
		4D991F291D8DC68E00ED149A /* LightHouseTests */ = {
			isa = PBXGroup;
			children = (
				4D991F2A1D8DC68E00ED149A /* LightHouseTests.swift */,
				4D991F2C1D8DC68E00ED149A /* Info.plist */,
				4DD232AC1D8DDD1300DBB44D /* HueBridgeServiceTests.swift */,
				4DD232B81D8E457400DBB44D /* EventBusTests.swift */,
			);
			path = LightHouseTests;
			sourceTree = "<group>";
		};
		4D991F341D8DC68E00ED149A /* LightHouseUITests */ = {
			isa = PBXGroup;
			children = (
				4D991F351D8DC68E00ED149A /* LightHouseUITests.swift */,
				4D991F371D8DC68E00ED149A /* Info.plist */,
			);
			path = LightHouseUITests;
			sourceTree = "<group>";
		};
		4DD232A71D8DCB0600DBB44D /* services */ = {
			isa = PBXGroup;
			children = (
				4DD232A81D8DCB3000DBB44D /* HueBridgeService.swift */,
				4DD232AA1D8DD59000DBB44D /* EventBus.swift */,
			);
			name = services;
			sourceTree = "<group>";
		};
		4DD232AE1D8DF8E700DBB44D /* models */ = {
			isa = PBXGroup;
			children = (
				4DD232AF1D8DF8EF00DBB44D /* hue */,
			);
			name = models;
			sourceTree = "<group>";
		};
		4DD232AF1D8DF8EF00DBB44D /* hue */ = {
			isa = PBXGroup;
			children = (
				4DD232B01D8DF90600DBB44D /* Light.swift */,
				4DD232B21D8E06EC00DBB44D /* State.swift */,
				4DD232B61D8E41A600DBB44D /* SystemState.swift */,
			);
			name = hue;
			sourceTree = "<group>";
		};
		4DD232BA1D8F14F900DBB44D /* ui */ = {
			isa = PBXGroup;
			children = (
				4DD232BB1D8F190F00DBB44D /* components */,
				4DD232CA1D8F7BD000DBB44D /* Style.swift */,
			);
			name = ui;
			sourceTree = "<group>";
		};
		4DD232BB1D8F190F00DBB44D /* components */ = {
			isa = PBXGroup;
			children = (
				4DD232BE1D8F19DA00DBB44D /* LightSwitch.swift */,
				4DD232C81D8F609000DBB44D /* LightSwitchesScrollView.swift */,
				4DD232CC1D90766B00DBB44D /* TestView.swift */,
				4DD232CE1D919A1C00DBB44D /* HSBColorPicker.swift */,
			);
			name = components;
			sourceTree = "<group>";
		};
		4DD232C01D8F573100DBB44D /* assets */ = {
			isa = PBXGroup;
			children = (
				4DD232C11D8F573D00DBB44D /* images */,
			);
			name = assets;
			sourceTree = "<group>";
		};
		4DD232C11D8F573D00DBB44D /* images */ = {
			isa = PBXGroup;
			children = (
				4DD232C41D8F590900DBB44D /* bg.jpg */,
			);
			name = images;
			sourceTree = "<group>";
		};
		899EB65637832B11242B786E /* Pods */ = {
			isa = PBXGroup;
			children = (
				CC619EB035B19D36D84D1E5A /* Pods-LightHouse.debug.xcconfig */,
				EB501A860273F6D16C6BF08D /* Pods-LightHouse.release.xcconfig */,
				8744DABBA3C6640D0C7184C4 /* Pods-LightHouseTests.debug.xcconfig */,
				3B7F403277371E62719520C0 /* Pods-LightHouseTests.release.xcconfig */,
				3FFC6027380F1D6E3B7BC959 /* Pods-LightHouseUITests.debug.xcconfig */,
				C9F04A997B7086F1113C31C0 /* Pods-LightHouseUITests.release.xcconfig */,
			);
			name = Pods;
			sourceTree = "<group>";
		};
/* End PBXGroup section */

/* Begin PBXNativeTarget section */
		4D991F111D8DC68E00ED149A /* LightHouse */ = {
			isa = PBXNativeTarget;
			buildConfigurationList = 4D991F3A1D8DC68E00ED149A /* Build configuration list for PBXNativeTarget "LightHouse" */;
			buildPhases = (
				AAD010921D053AD944D26D3A /* [CP] Check Pods Manifest.lock */,
				4D991F0E1D8DC68E00ED149A /* Sources */,
				4D991F0F1D8DC68E00ED149A /* Frameworks */,
				4D991F101D8DC68E00ED149A /* Resources */,
				7FD11B7129810AF7EFEF3B0A /* [CP] Embed Pods Frameworks */,
				19702E998B16109C75FD578E /* [CP] Copy Pods Resources */,
			);
			buildRules = (
			);
			dependencies = (
			);
			name = LightHouse;
			productName = LightHouse;
			productReference = 4D991F121D8DC68E00ED149A /* LightHouse.app */;
			productType = "com.apple.product-type.application";
		};
		4D991F251D8DC68E00ED149A /* LightHouseTests */ = {
			isa = PBXNativeTarget;
			buildConfigurationList = 4D991F3D1D8DC68E00ED149A /* Build configuration list for PBXNativeTarget "LightHouseTests" */;
			buildPhases = (
				E633621637E9D58C7ABBC0A9 /* [CP] Check Pods Manifest.lock */,
				4D991F221D8DC68E00ED149A /* Sources */,
				4D991F231D8DC68E00ED149A /* Frameworks */,
				4D991F241D8DC68E00ED149A /* Resources */,
				CAD964F66C8EA42D5E1DEFED /* [CP] Embed Pods Frameworks */,
				151E2E97D1812BC3D73F3731 /* [CP] Copy Pods Resources */,
			);
			buildRules = (
			);
			dependencies = (
				4D991F281D8DC68E00ED149A /* PBXTargetDependency */,
			);
			name = LightHouseTests;
			productName = LightHouseTests;
			productReference = 4D991F261D8DC68E00ED149A /* LightHouseTests.xctest */;
			productType = "com.apple.product-type.bundle.unit-test";
		};
		4D991F301D8DC68E00ED149A /* LightHouseUITests */ = {
			isa = PBXNativeTarget;
			buildConfigurationList = 4D991F401D8DC68E00ED149A /* Build configuration list for PBXNativeTarget "LightHouseUITests" */;
			buildPhases = (
				7EFF5514379E3124CB27F30A /* [CP] Check Pods Manifest.lock */,
				4D991F2D1D8DC68E00ED149A /* Sources */,
				4D991F2E1D8DC68E00ED149A /* Frameworks */,
				4D991F2F1D8DC68E00ED149A /* Resources */,
				8AA19531CC847E9EB28412B8 /* [CP] Copy Pods Resources */,
			);
			buildRules = (
			);
			dependencies = (
				4D991F331D8DC68E00ED149A /* PBXTargetDependency */,
			);
			name = LightHouseUITests;
			productName = LightHouseUITests;
			productReference = 4D991F311D8DC68E00ED149A /* LightHouseUITests.xctest */;
			productType = "com.apple.product-type.bundle.ui-testing";
		};
/* End PBXNativeTarget section */

/* Begin PBXProject section */
		4D991F0A1D8DC68E00ED149A /* Project object */ = {
			isa = PBXProject;
			attributes = {
				LastSwiftUpdateCheck = 0730;
				LastUpgradeCheck = 0730;
				ORGANIZATIONNAME = "Jason McAffee";
				TargetAttributes = {
					4D991F111D8DC68E00ED149A = {
						CreatedOnToolsVersion = 7.3.1;
						DevelopmentTeam = A7L778FFNA;
					};
					4D991F251D8DC68E00ED149A = {
						CreatedOnToolsVersion = 7.3.1;
						TestTargetID = 4D991F111D8DC68E00ED149A;
					};
					4D991F301D8DC68E00ED149A = {
						CreatedOnToolsVersion = 7.3.1;
						TestTargetID = 4D991F111D8DC68E00ED149A;
					};
				};
			};
			buildConfigurationList = 4D991F0D1D8DC68E00ED149A /* Build configuration list for PBXProject "LightHouse" */;
			compatibilityVersion = "Xcode 3.2";
			developmentRegion = English;
			hasScannedForEncodings = 0;
			knownRegions = (
				en,
				Base,
			);
			mainGroup = 4D991F091D8DC68E00ED149A;
			productRefGroup = 4D991F131D8DC68E00ED149A /* Products */;
			projectDirPath = "";
			projectRoot = "";
			targets = (
				4D991F111D8DC68E00ED149A /* LightHouse */,
				4D991F251D8DC68E00ED149A /* LightHouseTests */,
				4D991F301D8DC68E00ED149A /* LightHouseUITests */,
			);
		};
/* End PBXProject section */

/* Begin PBXResourcesBuildPhase section */
		4D991F101D8DC68E00ED149A /* Resources */ = {
			isa = PBXResourcesBuildPhase;
			buildActionMask = 2147483647;
			files = (
				4D991F201D8DC68E00ED149A /* LaunchScreen.storyboard in Resources */,
				4D991F1D1D8DC68E00ED149A /* Assets.xcassets in Resources */,
				4DD232C51D8F590900DBB44D /* bg.jpg in Resources */,
				4D991F1B1D8DC68E00ED149A /* Main.storyboard in Resources */,
			);
			runOnlyForDeploymentPostprocessing = 0;
		};
		4D991F241D8DC68E00ED149A /* Resources */ = {
			isa = PBXResourcesBuildPhase;
			buildActionMask = 2147483647;
			files = (
			);
			runOnlyForDeploymentPostprocessing = 0;
		};
		4D991F2F1D8DC68E00ED149A /* Resources */ = {
			isa = PBXResourcesBuildPhase;
			buildActionMask = 2147483647;
			files = (
			);
			runOnlyForDeploymentPostprocessing = 0;
		};
/* End PBXResourcesBuildPhase section */

/* Begin PBXShellScriptBuildPhase section */
		151E2E97D1812BC3D73F3731 /* [CP] Copy Pods Resources */ = {
			isa = PBXShellScriptBuildPhase;
			buildActionMask = 2147483647;
			files = (
			);
			inputPaths = (
			);
			name = "[CP] Copy Pods Resources";
			outputPaths = (
			);
			runOnlyForDeploymentPostprocessing = 0;
			shellPath = /bin/sh;
			shellScript = "\"${SRCROOT}/Pods/Target Support Files/Pods-LightHouseTests/Pods-LightHouseTests-resources.sh\"\n";
			showEnvVarsInLog = 0;
		};
		19702E998B16109C75FD578E /* [CP] Copy Pods Resources */ = {
			isa = PBXShellScriptBuildPhase;
			buildActionMask = 2147483647;
			files = (
			);
			inputPaths = (
			);
			name = "[CP] Copy Pods Resources";
			outputPaths = (
			);
			runOnlyForDeploymentPostprocessing = 0;
			shellPath = /bin/sh;
			shellScript = "\"${SRCROOT}/Pods/Target Support Files/Pods-LightHouse/Pods-LightHouse-resources.sh\"\n";
			showEnvVarsInLog = 0;
		};
		7EFF5514379E3124CB27F30A /* [CP] Check Pods Manifest.lock */ = {
			isa = PBXShellScriptBuildPhase;
			buildActionMask = 2147483647;
			files = (
			);
			inputPaths = (
			);
			name = "[CP] Check Pods Manifest.lock";
			outputPaths = (
			);
			runOnlyForDeploymentPostprocessing = 0;
			shellPath = /bin/sh;
			shellScript = "diff \"${PODS_ROOT}/../Podfile.lock\" \"${PODS_ROOT}/Manifest.lock\" > /dev/null\nif [[ $? != 0 ]] ; then\n    cat << EOM\nerror: The sandbox is not in sync with the Podfile.lock. Run 'pod install' or update your CocoaPods installation.\nEOM\n    exit 1\nfi\n";
			showEnvVarsInLog = 0;
		};
		7FD11B7129810AF7EFEF3B0A /* [CP] Embed Pods Frameworks */ = {
			isa = PBXShellScriptBuildPhase;
			buildActionMask = 2147483647;
			files = (
			);
			inputPaths = (
			);
			name = "[CP] Embed Pods Frameworks";
			outputPaths = (
			);
			runOnlyForDeploymentPostprocessing = 0;
			shellPath = /bin/sh;
			shellScript = "\"${SRCROOT}/Pods/Target Support Files/Pods-LightHouse/Pods-LightHouse-frameworks.sh\"\n";
			showEnvVarsInLog = 0;
		};
		8AA19531CC847E9EB28412B8 /* [CP] Copy Pods Resources */ = {
			isa = PBXShellScriptBuildPhase;
			buildActionMask = 2147483647;
			files = (
			);
			inputPaths = (
			);
			name = "[CP] Copy Pods Resources";
			outputPaths = (
			);
			runOnlyForDeploymentPostprocessing = 0;
			shellPath = /bin/sh;
			shellScript = "\"${SRCROOT}/Pods/Target Support Files/Pods-LightHouseUITests/Pods-LightHouseUITests-resources.sh\"\n";
			showEnvVarsInLog = 0;
		};
		AAD010921D053AD944D26D3A /* [CP] Check Pods Manifest.lock */ = {
			isa = PBXShellScriptBuildPhase;
			buildActionMask = 2147483647;
			files = (
			);
			inputPaths = (
			);
			name = "[CP] Check Pods Manifest.lock";
			outputPaths = (
			);
			runOnlyForDeploymentPostprocessing = 0;
			shellPath = /bin/sh;
			shellScript = "diff \"${PODS_ROOT}/../Podfile.lock\" \"${PODS_ROOT}/Manifest.lock\" > /dev/null\nif [[ $? != 0 ]] ; then\n    cat << EOM\nerror: The sandbox is not in sync with the Podfile.lock. Run 'pod install' or update your CocoaPods installation.\nEOM\n    exit 1\nfi\n";
			showEnvVarsInLog = 0;
		};
		CAD964F66C8EA42D5E1DEFED /* [CP] Embed Pods Frameworks */ = {
			isa = PBXShellScriptBuildPhase;
			buildActionMask = 2147483647;
			files = (
			);
			inputPaths = (
			);
			name = "[CP] Embed Pods Frameworks";
			outputPaths = (
			);
			runOnlyForDeploymentPostprocessing = 0;
			shellPath = /bin/sh;
			shellScript = "\"${SRCROOT}/Pods/Target Support Files/Pods-LightHouseTests/Pods-LightHouseTests-frameworks.sh\"\n";
			showEnvVarsInLog = 0;
		};
		E633621637E9D58C7ABBC0A9 /* [CP] Check Pods Manifest.lock */ = {
			isa = PBXShellScriptBuildPhase;
			buildActionMask = 2147483647;
			files = (
			);
			inputPaths = (
			);
			name = "[CP] Check Pods Manifest.lock";
			outputPaths = (
			);
			runOnlyForDeploymentPostprocessing = 0;
			shellPath = /bin/sh;
			shellScript = "diff \"${PODS_ROOT}/../Podfile.lock\" \"${PODS_ROOT}/Manifest.lock\" > /dev/null\nif [[ $? != 0 ]] ; then\n    cat << EOM\nerror: The sandbox is not in sync with the Podfile.lock. Run 'pod install' or update your CocoaPods installation.\nEOM\n    exit 1\nfi\n";
			showEnvVarsInLog = 0;
		};
/* End PBXShellScriptBuildPhase section */

/* Begin PBXSourcesBuildPhase section */
		4D991F0E1D8DC68E00ED149A /* Sources */ = {
			isa = PBXSourcesBuildPhase;
			buildActionMask = 2147483647;
			files = (
				4DD232CD1D90766B00DBB44D /* TestView.swift in Sources */,
				4DD232CF1D919A1C00DBB44D /* HSBColorPicker.swift in Sources */,
				4DD232C91D8F609000DBB44D /* LightSwitchesScrollView.swift in Sources */,
				4D991F181D8DC68E00ED149A /* ViewController.swift in Sources */,
				4DD232B11D8DF90600DBB44D /* Light.swift in Sources */,
				4DD232B71D8E41A600DBB44D /* SystemState.swift in Sources */,
				4DD232AB1D8DD59000DBB44D /* EventBus.swift in Sources */,
				4DD232B51D8E38C300DBB44D /* README.md in Sources */,
				4DD232A91D8DCB3000DBB44D /* HueBridgeService.swift in Sources */,
				4D991F161D8DC68E00ED149A /* AppDelegate.swift in Sources */,
				4DD232BF1D8F19DA00DBB44D /* LightSwitch.swift in Sources */,
				4DD232B31D8E06EC00DBB44D /* State.swift in Sources */,
				4DD232CB1D8F7BD000DBB44D /* Style.swift in Sources */,
			);
			runOnlyForDeploymentPostprocessing = 0;
		};
		4D991F221D8DC68E00ED149A /* Sources */ = {
			isa = PBXSourcesBuildPhase;
			buildActionMask = 2147483647;
			files = (
				4D991F2B1D8DC68E00ED149A /* LightHouseTests.swift in Sources */,
				4DD232AD1D8DDD1300DBB44D /* HueBridgeServiceTests.swift in Sources */,
				4DD232B91D8E457400DBB44D /* EventBusTests.swift in Sources */,
			);
			runOnlyForDeploymentPostprocessing = 0;
		};
		4D991F2D1D8DC68E00ED149A /* Sources */ = {
			isa = PBXSourcesBuildPhase;
			buildActionMask = 2147483647;
			files = (
				4D991F361D8DC68E00ED149A /* LightHouseUITests.swift in Sources */,
			);
			runOnlyForDeploymentPostprocessing = 0;
		};
/* End PBXSourcesBuildPhase section */

/* Begin PBXTargetDependency section */
		4D991F281D8DC68E00ED149A /* PBXTargetDependency */ = {
			isa = PBXTargetDependency;
			target = 4D991F111D8DC68E00ED149A /* LightHouse */;
			targetProxy = 4D991F271D8DC68E00ED149A /* PBXContainerItemProxy */;
		};
		4D991F331D8DC68E00ED149A /* PBXTargetDependency */ = {
			isa = PBXTargetDependency;
			target = 4D991F111D8DC68E00ED149A /* LightHouse */;
			targetProxy = 4D991F321D8DC68E00ED149A /* PBXContainerItemProxy */;
		};
/* End PBXTargetDependency section */

/* Begin PBXVariantGroup section */
		4D991F191D8DC68E00ED149A /* Main.storyboard */ = {
			isa = PBXVariantGroup;
			children = (
				4D991F1A1D8DC68E00ED149A /* Base */,
			);
			name = Main.storyboard;
			sourceTree = "<group>";
		};
		4D991F1E1D8DC68E00ED149A /* LaunchScreen.storyboard */ = {
			isa = PBXVariantGroup;
			children = (
				4D991F1F1D8DC68E00ED149A /* Base */,
			);
			name = LaunchScreen.storyboard;
			sourceTree = "<group>";
		};
/* End PBXVariantGroup section */

/* Begin XCBuildConfiguration section */
		4D991F381D8DC68E00ED149A /* Debug */ = {
			isa = XCBuildConfiguration;
			buildSettings = {
				ALWAYS_SEARCH_USER_PATHS = NO;
				CLANG_ANALYZER_NONNULL = YES;
				CLANG_CXX_LANGUAGE_STANDARD = "gnu++0x";
				CLANG_CXX_LIBRARY = "libc++";
				CLANG_ENABLE_MODULES = YES;
				CLANG_ENABLE_OBJC_ARC = YES;
				CLANG_WARN_BOOL_CONVERSION = YES;
				CLANG_WARN_CONSTANT_CONVERSION = YES;
				CLANG_WARN_DIRECT_OBJC_ISA_USAGE = YES_ERROR;
				CLANG_WARN_EMPTY_BODY = YES;
				CLANG_WARN_ENUM_CONVERSION = YES;
				CLANG_WARN_INT_CONVERSION = YES;
				CLANG_WARN_OBJC_ROOT_CLASS = YES_ERROR;
				CLANG_WARN_UNREACHABLE_CODE = YES;
				CLANG_WARN__DUPLICATE_METHOD_MATCH = YES;
				"CODE_SIGN_IDENTITY[sdk=iphoneos*]" = "iPhone Developer";
				COPY_PHASE_STRIP = NO;
				DEBUG_INFORMATION_FORMAT = dwarf;
				ENABLE_STRICT_OBJC_MSGSEND = YES;
				ENABLE_TESTABILITY = YES;
				GCC_C_LANGUAGE_STANDARD = gnu99;
				GCC_DYNAMIC_NO_PIC = NO;
				GCC_NO_COMMON_BLOCKS = YES;
				GCC_OPTIMIZATION_LEVEL = 0;
				GCC_PREPROCESSOR_DEFINITIONS = (
					"DEBUG=1",
					"$(inherited)",
				);
				GCC_WARN_64_TO_32_BIT_CONVERSION = YES;
				GCC_WARN_ABOUT_RETURN_TYPE = YES_ERROR;
				GCC_WARN_UNDECLARED_SELECTOR = YES;
				GCC_WARN_UNINITIALIZED_AUTOS = YES_AGGRESSIVE;
				GCC_WARN_UNUSED_FUNCTION = YES;
				GCC_WARN_UNUSED_VARIABLE = YES;
				IPHONEOS_DEPLOYMENT_TARGET = 9.3;
				MTL_ENABLE_DEBUG_INFO = YES;
				ONLY_ACTIVE_ARCH = YES;
				SDKROOT = iphoneos;
				SWIFT_OPTIMIZATION_LEVEL = "-Onone";
				TARGETED_DEVICE_FAMILY = "1,2";
			};
			name = Debug;
		};
		4D991F391D8DC68E00ED149A /* Release */ = {
			isa = XCBuildConfiguration;
			buildSettings = {
				ALWAYS_SEARCH_USER_PATHS = NO;
				CLANG_ANALYZER_NONNULL = YES;
				CLANG_CXX_LANGUAGE_STANDARD = "gnu++0x";
				CLANG_CXX_LIBRARY = "libc++";
				CLANG_ENABLE_MODULES = YES;
				CLANG_ENABLE_OBJC_ARC = YES;
				CLANG_WARN_BOOL_CONVERSION = YES;
				CLANG_WARN_CONSTANT_CONVERSION = YES;
				CLANG_WARN_DIRECT_OBJC_ISA_USAGE = YES_ERROR;
				CLANG_WARN_EMPTY_BODY = YES;
				CLANG_WARN_ENUM_CONVERSION = YES;
				CLANG_WARN_INT_CONVERSION = YES;
				CLANG_WARN_OBJC_ROOT_CLASS = YES_ERROR;
				CLANG_WARN_UNREACHABLE_CODE = YES;
				CLANG_WARN__DUPLICATE_METHOD_MATCH = YES;
				"CODE_SIGN_IDENTITY[sdk=iphoneos*]" = "iPhone Developer";
				COPY_PHASE_STRIP = NO;
				DEBUG_INFORMATION_FORMAT = "dwarf-with-dsym";
				ENABLE_NS_ASSERTIONS = NO;
				ENABLE_STRICT_OBJC_MSGSEND = YES;
				GCC_C_LANGUAGE_STANDARD = gnu99;
				GCC_NO_COMMON_BLOCKS = YES;
				GCC_WARN_64_TO_32_BIT_CONVERSION = YES;
				GCC_WARN_ABOUT_RETURN_TYPE = YES_ERROR;
				GCC_WARN_UNDECLARED_SELECTOR = YES;
				GCC_WARN_UNINITIALIZED_AUTOS = YES_AGGRESSIVE;
				GCC_WARN_UNUSED_FUNCTION = YES;
				GCC_WARN_UNUSED_VARIABLE = YES;
				IPHONEOS_DEPLOYMENT_TARGET = 9.3;
				MTL_ENABLE_DEBUG_INFO = NO;
				SDKROOT = iphoneos;
				TARGETED_DEVICE_FAMILY = "1,2";
				VALIDATE_PRODUCT = YES;
			};
			name = Release;
		};
		4D991F3B1D8DC68E00ED149A /* Debug */ = {
			isa = XCBuildConfiguration;
			baseConfigurationReference = CC619EB035B19D36D84D1E5A /* Pods-LightHouse.debug.xcconfig */;
			buildSettings = {
				ASSETCATALOG_COMPILER_APPICON_NAME = AppIcon;
				CODE_SIGN_IDENTITY = "iPhone Developer";
				"CODE_SIGN_IDENTITY[sdk=iphoneos*]" = "iPhone Developer";
				INFOPLIST_FILE = LightHouse/Info.plist;
				IPHONEOS_DEPLOYMENT_TARGET = 9.3;
				LD_RUNPATH_SEARCH_PATHS = "$(inherited) @executable_path/Frameworks";
				PRODUCT_BUNDLE_IDENTIFIER = com.jasonmcaffee.LightHouse;
				PRODUCT_NAME = "$(TARGET_NAME)";
				PROVISIONING_PROFILE = "";
			};
			name = Debug;
		};
		4D991F3C1D8DC68E00ED149A /* Release */ = {
			isa = XCBuildConfiguration;
			baseConfigurationReference = EB501A860273F6D16C6BF08D /* Pods-LightHouse.release.xcconfig */;
			buildSettings = {
				ASSETCATALOG_COMPILER_APPICON_NAME = AppIcon;
				CODE_SIGN_IDENTITY = "iPhone Developer";
				"CODE_SIGN_IDENTITY[sdk=iphoneos*]" = "iPhone Developer";
				INFOPLIST_FILE = LightHouse/Info.plist;
				IPHONEOS_DEPLOYMENT_TARGET = 9.3;
				LD_RUNPATH_SEARCH_PATHS = "$(inherited) @executable_path/Frameworks";
				PRODUCT_BUNDLE_IDENTIFIER = com.jasonmcaffee.LightHouse;
				PRODUCT_NAME = "$(TARGET_NAME)";
				PROVISIONING_PROFILE = "";
			};
			name = Release;
		};
		4D991F3E1D8DC68E00ED149A /* Debug */ = {
			isa = XCBuildConfiguration;
			baseConfigurationReference = 8744DABBA3C6640D0C7184C4 /* Pods-LightHouseTests.debug.xcconfig */;
			buildSettings = {
				BUNDLE_LOADER = "$(TEST_HOST)";
				INFOPLIST_FILE = LightHouseTests/Info.plist;
				LD_RUNPATH_SEARCH_PATHS = "$(inherited) @executable_path/Frameworks @loader_path/Frameworks";
				PRODUCT_BUNDLE_IDENTIFIER = com.jasonmcaffee.LightHouseTests;
				PRODUCT_NAME = "$(TARGET_NAME)";
				TEST_HOST = "$(BUILT_PRODUCTS_DIR)/LightHouse.app/LightHouse";
			};
			name = Debug;
		};
		4D991F3F1D8DC68E00ED149A /* Release */ = {
			isa = XCBuildConfiguration;
			baseConfigurationReference = 3B7F403277371E62719520C0 /* Pods-LightHouseTests.release.xcconfig */;
			buildSettings = {
				BUNDLE_LOADER = "$(TEST_HOST)";
				INFOPLIST_FILE = LightHouseTests/Info.plist;
				LD_RUNPATH_SEARCH_PATHS = "$(inherited) @executable_path/Frameworks @loader_path/Frameworks";
				PRODUCT_BUNDLE_IDENTIFIER = com.jasonmcaffee.LightHouseTests;
				PRODUCT_NAME = "$(TARGET_NAME)";
				TEST_HOST = "$(BUILT_PRODUCTS_DIR)/LightHouse.app/LightHouse";
			};
			name = Release;
		};
		4D991F411D8DC68E00ED149A /* Debug */ = {
			isa = XCBuildConfiguration;
			baseConfigurationReference = 3FFC6027380F1D6E3B7BC959 /* Pods-LightHouseUITests.debug.xcconfig */;
			buildSettings = {
				INFOPLIST_FILE = LightHouseUITests/Info.plist;
				LD_RUNPATH_SEARCH_PATHS = "$(inherited) @executable_path/Frameworks @loader_path/Frameworks";
				PRODUCT_BUNDLE_IDENTIFIER = com.jasonmcaffee.LightHouseUITests;
				PRODUCT_NAME = "$(TARGET_NAME)";
				TEST_TARGET_NAME = LightHouse;
			};
			name = Debug;
		};
		4D991F421D8DC68E00ED149A /* Release */ = {
			isa = XCBuildConfiguration;
			baseConfigurationReference = C9F04A997B7086F1113C31C0 /* Pods-LightHouseUITests.release.xcconfig */;
			buildSettings = {
				INFOPLIST_FILE = LightHouseUITests/Info.plist;
				LD_RUNPATH_SEARCH_PATHS = "$(inherited) @executable_path/Frameworks @loader_path/Frameworks";
				PRODUCT_BUNDLE_IDENTIFIER = com.jasonmcaffee.LightHouseUITests;
				PRODUCT_NAME = "$(TARGET_NAME)";
				TEST_TARGET_NAME = LightHouse;
			};
			name = Release;
		};
/* End XCBuildConfiguration section */

/* Begin XCConfigurationList section */
		4D991F0D1D8DC68E00ED149A /* Build configuration list for PBXProject "LightHouse" */ = {
			isa = XCConfigurationList;
			buildConfigurations = (
				4D991F381D8DC68E00ED149A /* Debug */,
				4D991F391D8DC68E00ED149A /* Release */,
			);
			defaultConfigurationIsVisible = 0;
			defaultConfigurationName = Release;
		};
		4D991F3A1D8DC68E00ED149A /* Build configuration list for PBXNativeTarget "LightHouse" */ = {
			isa = XCConfigurationList;
			buildConfigurations = (
				4D991F3B1D8DC68E00ED149A /* Debug */,
				4D991F3C1D8DC68E00ED149A /* Release */,
			);
			defaultConfigurationIsVisible = 0;
			defaultConfigurationName = Release;
		};
		4D991F3D1D8DC68E00ED149A /* Build configuration list for PBXNativeTarget "LightHouseTests" */ = {
			isa = XCConfigurationList;
			buildConfigurations = (
				4D991F3E1D8DC68E00ED149A /* Debug */,
				4D991F3F1D8DC68E00ED149A /* Release */,
			);
			defaultConfigurationIsVisible = 0;
			defaultConfigurationName = Release;
		};
		4D991F401D8DC68E00ED149A /* Build configuration list for PBXNativeTarget "LightHouseUITests" */ = {
			isa = XCConfigurationList;
			buildConfigurations = (
				4D991F411D8DC68E00ED149A /* Debug */,
				4D991F421D8DC68E00ED149A /* Release */,
			);
			defaultConfigurationIsVisible = 0;
			defaultConfigurationName = Release;
		};
/* End XCConfigurationList section */
	};
	rootObject = 4D991F0A1D8DC68E00ED149A /* Project object */;
}
